{
  "name": "client",
  "version": "0.1.0",
  "lockfileVersion": 1,
  "requires": true,
  "dependencies": {
    "axios": {
      "version": "0.21.1",
      "resolved": "https://registry.npmjs.org/axios/-/axios-0.21.1.tgz",
      "integrity": "sha512-dKQiRHxGD9PPRIUNIWvZhPTPpl1rf/OxTYKsqKUDjBwYylTvV7SjSHJb9ratfyzM6wCdLCOYLzs73qpg5c4iGA==",
      "requires": {
        "follow-redirects": "^1.10.0"
      },
      "dependencies": {
        "follow-redirects": {
          "version": "1.13.1",
          "resolved": "https://registry.npmjs.org/follow-redirects/-/follow-redirects-1.13.1.tgz",
          "integrity": "sha512-SSG5xmZh1mkPGyKzjZP8zLjltIfpW32Y5QpdNJyjcfGxK3qo3NDDkZOZSFiGn1A6SclQxY9GzEwAHQ3dmYRWpg=="
        }
      }
    },
    "bootstrap": {
      "version": "4.3.1",
      "resolved": "https://registry.npmjs.org/bootstrap/-/bootstrap-4.3.1.tgz",
      "integrity": "sha512-rXqOmH1VilAt2DyPzluTi2blhk17bO7ef+zLLPlWvG494pDxcM234pJ8wTc/6R40UWizAIIMgxjvxZg5kmsbag=="
    },
    "react": {
      "version": "16.8.6",
      "resolved": "https://registry.npmjs.org/react/-/react-16.8.6.tgz",
      "integrity": "sha512-pC0uMkhLaHm11ZSJULfOBqV4tIZkx87ZLvbbQYunNixAAvjnC+snJCg0XQXn9VIsttVsbZP/H/ewzgsd5fxKXw=="
    },
    "react-dom": {
      "version": "16.8.6",
      "resolved": "https://registry.npmjs.org/react-dom/-/react-dom-16.8.6.tgz",
      "integrity": "sha512-1nL7PIq9LTL3fthPqwkvr2zY7phIPjYrT0jp4HjyEQrEROnw4dG41VVwi/wfoCneoleqrNX7iAD+pXebJZwrwA=="
    },
    "react-redux": {
      "version": "7.1.0",
      "resolved": "https://registry.npmjs.org/react-redux/-/react-redux-7.1.0.tgz",
      "integrity": "sha512-hyu/PoFK3vZgdLTg9ozbt7WF3GgX5+Yn3pZm5/96/o4UueXA+zj08aiSC9Mfj2WtD1bvpIb3C5yvskzZySzzaw=="
    },
    "react-scripts": {
      "version": "0.9.5",
      "resolved": "https://registry.npmjs.org/react-scripts/-/react-scripts-0.9.5.tgz",
      "integrity": "sha1-6fBchCficTFmKpudepeG0f8Wuz8="
    },
    "react-transition-group": {
      "version": "4.1.0",
      "resolved": "https://registry.npmjs.org/react-transition-group/-/react-transition-group-4.1.0.tgz",
      "integrity": "sha512-/OITbogb3emGN49WaP7468QGSde7er5w6eIHldIDCSQBq/9QTSCzs8OgpgmOnaUXCXzBUcK1zoZ6DqRlM8CJtA=="
    },
    "reactstrap": {
      "version": "8.0.0",
      "resolved": "https://registry.npmjs.org/reactstrap/-/reactstrap-8.0.0.tgz",
      "integrity": "sha512-Rd7MyaFnZZXe1lbeBlgkxzyv+u7Z/ots0yYoO6ijT7/0uGsNwB1ch2h2t7Tf6u05jpbTFlLD+lyBEER0eibcQw==",
      "dependencies": {
        "react-transition-group": {
          "version": "2.9.0",
          "resolved": "https://registry.npmjs.org/react-transition-group/-/react-transition-group-2.9.0.tgz",
          "integrity": "sha512-+HzNTCHpeQyl4MJ/bdE0u6XRMe9+XG/+aL4mCxVN4DnPBQ0/5bfHWPDuOZUzYdMj94daZaZdCCc1Dzt9R/xSSg=="
        }
      }
    },
    "redux": {
      "version": "4.0.1",
      "resolved": "https://registry.npmjs.org/redux/-/redux-4.0.1.tgz",
      "integrity": "sha512-R7bAtSkk7nY6O/OYMVR9RiBI+XghjF9rlbl5806HJbQph0LJVHZrU5oaO4q70eUKiqMRqm4y07KLTlMZ2BlVmg=="
    },
    "redux-thunk": {
      "version": "2.3.0",
      "resolved": "https://registry.npmjs.org/redux-thunk/-/redux-thunk-2.3.0.tgz",
      "integrity": "sha512-km6dclyFnmcvxhAcrQV2AkZmPQjzPDjgVlQtR0EQjxZPyJ0BnMf3in1ryuR8A2qU0HldVRfxYXbFSKlI3N7Slw=="
    },
    "uuid": {
      "version": "3.3.2",
      "resolved": "https://registry.npmjs.org/uuid/-/uuid-3.3.2.tgz",
      "integrity": "sha512-yXJmeNaw3DnnKAOKJE51sL/ZaYfWJRl1pK9dr19YFCu0ObS231AB1/LbqTKRAQ5kw8A90rA6fr4riOUpTZvQZA=="
    }
  }
}
