{
  "name": "list-mean",
  "version": "1.0.0",
  "lockfileVersion": 1,
  "requires": true,
  "dependencies": {
    "body-parser": {
      "version": "1.19.0",
      "resolved": "https://registry.npmjs.org/body-parser/-/body-parser-1.19.0.tgz",
      "integrity": "sha512-dhEPs72UPbDnAQJ9ZKMNTP6ptJaionhP5cBb541nXPlW60Jepo9RV/a4fX4XWW9CuFNK22krhrj1+rgzifNCsw=="
    },
    "concurrently": {
      "version": "4.1.0",
      "resolved": "https://registry.npmjs.org/concurrently/-/concurrently-4.1.0.tgz",
      "integrity": "sha512-pwzXCE7qtOB346LyO9eFWpkFJVO3JQZ/qU/feGeaAHiX1M3Rw3zgXKc5cZ8vSH5DGygkjzLFDzA/pwoQDkRNGg=="
    },
    "cors": {
      "version": "2.8.5",
      "resolved": "https://registry.npmjs.org/cors/-/cors-2.8.5.tgz",
      "integrity": "sha512-KIHbLJqu73RGr/hnbrO9uBeixNGuvSQjul/jdFvS/KFSIH1hWVd1ng7zOHx+YrEfInLG7q4n6GHQ9cDtxv/P6g=="
    },
    "express": {
      "version": "4.17.1",
      "resolved": "https://registry.npmjs.org/express/-/express-4.17.1.tgz",
      "integrity": "sha512-mHJ9O79RqluphRrcw2X/GTh3k9tVv8YcoyY4Kkh4WDMUYKRZUq0h1o0w2rrrxBqM7VoeUVqgb27xlEMXTnYt4g=="
    },
    "mongoose": {
      "version": "5.5.14",
      "resolved": "https://registry.npmjs.org/mongoose/-/mongoose-5.5.14.tgz",
      "integrity": "sha512-BWrugOHZQLeiXlA9bA/xo9TvjZpV5O4T5vJJT7wsLmZyAi0heYkAPqzH206+NxgnPyAifqjrLR+M24vqXgugNQ==",
      "dependencies": {
        "debug": {
          "version": "3.1.0",
          "resolved": "https://registry.npmjs.org/debug/-/debug-3.1.0.tgz",
          "integrity": "sha512-OX8XqP7/1a9cqkxYw2yXss15f26NKWBpDXQd0/uK/KPqdQhxbPa994hnzjcE2VqQpDslf55723cKPUOGSmMY3g==",
          "dependencies": {
            "ms": {
              "version": "2.0.0",
              "resolved": "https://registry.npmjs.org/ms/-/ms-2.0.0.tgz",
              "integrity": "sha1-VgiurfwAvmwpAd9fmGF4jeDVl8g="
            }
          }
        },
        "mongodb": {
          "version": "3.2.7",
          "resolved": "https://registry.npmjs.org/mongodb/-/mongodb-3.2.7.tgz",
          "integrity": "sha512-2YdWrdf1PJgxcCrT1tWoL6nHuk6hCxhddAAaEh8QJL231ci4+P9FLyqopbTm2Z2sAU6mhCri+wd9r1hOcHdoMw=="
        },
        "mongodb-core": {
          "version": "3.2.7",
          "resolved": "https://registry.npmjs.org/mongodb-core/-/mongodb-core-3.2.7.tgz",
          "integrity": "sha512-WypKdLxFNPOH/Jy6i9z47IjG2wIldA54iDZBmHMINcgKOUcWJh8og+Wix76oGd7EyYkHJKssQ2FAOw5Su/n4XQ=="
        },
        "mquery": {
          "version": "3.2.1",
          "resolved": "https://registry.npmjs.org/mquery/-/mquery-3.2.1.tgz",
          "integrity": "sha512-kY/K8QToZWTTocm0U+r8rqcJCp5PRl6e8tPmoDs5OeSO3DInZE2rAL6AYH+V406JTo8305LdASOQcxRDqHojyw=="
        },
        "ms": {
          "version": "2.1.2",
          "resolved": "https://registry.npmjs.org/ms/-/ms-2.1.2.tgz",
          "integrity": "sha512-sGkPx+VjMtmA6MX27oA4FBFELFCZZ4S4XqeGOXCv68tT+jb3vk/RyaKWP0PTKyWtmLSM0b+adUTEvbs1PEaH2w=="
        },
        "regexp-clone": {
          "version": "1.0.0",
          "resolved": "https://registry.npmjs.org/regexp-clone/-/regexp-clone-1.0.0.tgz",
          "integrity": "sha512-TuAasHQNamyyJ2hb97IuBEif4qBHGjPHBS64sZwytpLEqtBQ1gPJTnOaQ6qmpET16cK14kkjbazl6+p0RRv0yw=="
        }
      }
    },
    "nodemon": {
      "version": "1.19.1",
      "resolved": "https://registry.npmjs.org/nodemon/-/nodemon-1.19.1.tgz",
      "integrity": "sha512-/DXLzd/GhiaDXXbGId5BzxP1GlsqtMGM9zTmkWrgXtSqjKmGSbLicM/oAy4FR0YWm14jCHRwnR31AHS2dYFHrg==",
      "dev": true,
      "dependencies": {
        "debug": {
          "version": "3.2.6",
          "resolved": "https://registry.npmjs.org/debug/-/debug-3.2.6.tgz",
          "integrity": "sha512-mel+jf7nrtEl5Pn1Qx46zARXKDpBbvzezse7p7LqINmdoIk8PYP5SySaxEmYv6TZ0JyEKA1hsCId6DIhgITtWQ=="
        },
        "ms": {
          "version": "2.1.2",
          "resolved": "https://registry.npmjs.org/ms/-/ms-2.1.2.tgz",
          "integrity": "sha512-sGkPx+VjMtmA6MX27oA4FBFELFCZZ4S4XqeGOXCv68tT+jb3vk/RyaKWP0PTKyWtmLSM0b+adUTEvbs1PEaH2w=="
        },
        "supports-color": {
          "version": "5.5.0",
          "resolved": "https://registry.npmjs.org/supports-color/-/supports-color-5.5.0.tgz",
          "integrity": "sha512-QjVjwdXIt408MIiAqCX4oUKsgU2EqAGzs2Ppkm4aQYbjm+ZEWEcW4SfFNTr4uMNZma0ey4f5lgLrkB0aX0QMow=="
        }
      }
    }
  }
}
